{
  "nodes": {
    "clay": {
      "flake": false,
      "locked": {
        "lastModified": 1665066799,
        "narHash": "sha256-2tZJV6geAkT5KO3FHc7f+5JQ/mDUOvd13Na8hgvr+MU=",
        "owner": "sebastiaanvisser",
        "repo": "clay",
        "rev": "0955e935cb596a1ba9c776b183c635a9d5feef1c",
        "type": "github"
      },
      "original": {
        "owner": "sebastiaanvisser",
        "repo": "clay",
        "type": "github"
      }
    },
    "flake-compat": {
      "flake": false,
      "locked": {
        "lastModified": 1668681692,
        "narHash": "sha256-Ht91NGdewz8IQLtWZ9LCeNXMSXHUss+9COoqu6JLmXU=",
        "owner": "edolstra",
        "repo": "flake-compat",
        "rev": "009399224d5e398d03b22badca40a37ac85412a1",
        "type": "github"
      },
      "original": {
        "owner": "edolstra",
        "repo": "flake-compat",
        "type": "github"
      }
    },
    "flake-utils": {
      "locked": {
        "lastModified": 1667395993,
        "narHash": "sha256-nuEHfE/LcWyuSWnS8t12N1wc105Qtau+/OdUAjtQ0rA=",
        "owner": "numtide",
        "repo": "flake-utils",
        "rev": "5aed5285a952e0b949eb3ba02c12fa4fcfef535f",
        "type": "github"
      },
      "original": {
        "owner": "numtide",
        "repo": "flake-utils",
        "type": "github"
      }
    },
    "jsaddle": {
      "flake": false,
      "locked": {
        "lastModified": 1648979550,
        "narHash": "sha256-gtThyJ/U7/mRXbUP28wmNM8i8n0YXeFtgEjYyokEOJ0=",
        "owner": "ghcjs",
        "repo": "jsaddle",
        "rev": "00b206288c2cd019b56ff9f0b72a065f67ffb242",
        "type": "github"
      },
      "original": {
        "owner": "ghcjs",
        "repo": "jsaddle",
        "type": "github"
      }
    },
    "mdi": {
      "flake": false,
      "locked": {
        "lastModified": 1672283385,
        "narHash": "sha256-L7Rdq69jhL6I8D/CJAlDo0A174cnIauZHcqjJJPCuYM=",
        "owner": "Templarian",
        "repo": "MaterialDesign",
        "rev": "190e9e00f50f98b02fd8bc5fbb78847dd5408bef",
        "type": "github"
      },
      "original": {
        "owner": "Templarian",
        "repo": "MaterialDesign",
        "type": "github"
      }
    },
    "nixpkgs": {
      "locked": {
        "lastModified": 1672350804,
        "narHash": "sha256-jo6zkiCabUBn3ObuKXHGqqORUMH27gYDIFFfLq5P4wg=",
        "owner": "nixos",
        "repo": "nixpkgs",
        "rev": "677ed08a50931e38382dbef01cba08a8f7eac8f6",
        "type": "github"
      },
      "original": {
        "owner": "nixos",
        "ref": "nixos-unstable",
        "repo": "nixpkgs",
        "type": "github"
      }
    },
    "reflex-dom": {
      "flake": false,
      "locked": {
        "lastModified": 1671669017,
        "narHash": "sha256-5t+Sc6bGVX1yf1CdXCTV0CNF4y1mbtYvHPa9b8hMrXM=",
        "owner": "reflex-frp",
        "repo": "reflex-dom",
        "rev": "6db08516570652f280be843bcfcfe6a4807ca690",
        "type": "github"
      },
      "original": {
        "owner": "reflex-frp",
        "repo": "reflex-dom",
        "type": "github"
      }
    },
    "root": {
      "inputs": {
        "clay": "clay",
        "flake-compat": "flake-compat",
        "flake-utils": "flake-utils",
        "jsaddle": "jsaddle",
        "nixpkgs": "nixpkgs",
        "reflex-dom": "reflex-dom",
        "web-font-mdi": "web-font-mdi"
      }
    },
    "web-font-mdi": {
      "inputs": {
        "flake-utils": [
          "flake-utils"
        ],
        "mdi": "mdi",
        "nixpkgs": [
          "nixpkgs"
        ]
      },
      "locked": {
        "lastModified": 1672595603,
        "narHash": "sha256-1lOSRKrj/RCj/X4LrtnRg7xiTzjTcyyjjJ4DPIv4sUE=",
        "owner": "ners",
        "repo": "web-font-mdi",
        "rev": "c4d2ceee64922701f9d3b25a38bb96eb08c1c486",
        "type": "github"
      },
      "original": {
        "owner": "ners",
        "repo": "web-font-mdi",
        "type": "github"
      }
    }
  },
  "root": "root",
  "version": 7
}
