{
  "nodes": {
    "flake-compat": {
      "flake": false,
      "locked": {
        "lastModified": 1650374568,
        "narHash": "sha256-Z+s0J8/r907g149rllvwhb4pKi8Wam5ij0st8PwAh+E=",
        "owner": "edolstra",
        "repo": "flake-compat",
        "rev": "b4a34015c698c7793d592d66adbab377907a2be8",
        "type": "github"
      },
      "original": {
        "owner": "edolstra",
        "repo": "flake-compat",
        "type": "github"
      }
    },
    "flake-utils": {
      "locked": {
        "lastModified": 1656928814,
        "narHash": "sha256-RIFfgBuKz6Hp89yRr7+NR5tzIAbn52h8vT6vXkYjZoM=",
        "owner": "numtide",
        "repo": "flake-utils",
        "rev": "7e2a3b3dfd9af950a856d66b0a7d01e3c18aa249",
        "type": "github"
      },
      "original": {
        "owner": "numtide",
        "repo": "flake-utils",
        "type": "github"
      }
    },
    "jsaddle": {
      "flake": false,
      "locked": {
        "lastModified": 1648979550,
        "narHash": "sha256-gtThyJ/U7/mRXbUP28wmNM8i8n0YXeFtgEjYyokEOJ0=",
        "owner": "ghcjs",
        "repo": "jsaddle",
        "rev": "00b206288c2cd019b56ff9f0b72a065f67ffb242",
        "type": "github"
      },
      "original": {
        "owner": "ghcjs",
        "repo": "jsaddle",
        "type": "github"
      }
    },
    "material-design": {
      "flake": false,
      "locked": {
        "lastModified": 1657322027,
        "narHash": "sha256-FFm089vKRErGk5/G8hW+DchKLKQg3+O7yNmZhhQb9wM=",
        "owner": "templarian",
        "repo": "MaterialDesign",
        "rev": "c953ac662ac7d2798c496be4bb90c767d95e31a9",
        "type": "github"
      },
      "original": {
        "owner": "templarian",
        "repo": "MaterialDesign",
        "type": "github"
      }
    },
    "nixpkgs": {
      "locked": {
        "lastModified": 1657447684,
        "narHash": "sha256-FCP9AuU1q6PE3vOeM5SFf58f/UKPBAsoSGDUGamNBbo=",
        "owner": "nixos",
        "repo": "nixpkgs",
        "rev": "5f43d8b088d3771274bcfb69d3c7435b1121ac88",
        "type": "github"
      },
      "original": {
        "owner": "nixos",
        "ref": "nixos-unstable",
        "repo": "nixpkgs",
        "type": "github"
      }
    },
    "reflex-dom": {
      "flake": false,
      "locked": {
        "lastModified": 1656909207,
        "narHash": "sha256-Oad6PTWeBgv9fj1Lniv4+AvGKQL6rotefIxIDsKl27g=",
        "owner": "reflex-frp",
        "repo": "reflex-dom",
        "rev": "6b8f6e8074ae9bd9b2603dc068141b577806bdda",
        "type": "github"
      },
      "original": {
        "owner": "reflex-frp",
        "repo": "reflex-dom",
        "type": "github"
      }
    },
    "root": {
      "inputs": {
        "flake-compat": "flake-compat",
        "flake-utils": "flake-utils",
        "jsaddle": "jsaddle",
        "material-design": "material-design",
        "nixpkgs": "nixpkgs",
        "reflex-dom": "reflex-dom"
      }
    }
  },
  "root": "root",
  "version": 7
}
